
Microsoft Visual Studio Solution File, Format Version 12.00
# Visual Studio 2013
VisualStudioVersion = 12.0.40629.0
MinimumVisualStudioVersion = 10.0.40219.1
Project("{FAE04EC0-301F-11D3-BF4B-00C04F79EFBC}") = "Aerolinea", "Aerolinea\Aerolinea.csproj", "{34381B0E-A17C-45FA-8513-1AE55F033C39}"
EndProject
Global
	GlobalSection(SolutionConfigurationPlatforms) = preSolution
		Debug|Any CPU = Debug|Any CPU
		Release|Any CPU = Release|Any CPU
	EndGlobalSection
	GlobalSection(ProjectConfigurationPlatforms) = postSolution
		{34381B0E-A17C-45FA-8513-1AE55F033C39}.Debug|Any CPU.ActiveCfg = Debug|Any CPU
		{34381B0E-A17C-45FA-8513-1AE55F033C39}.Debug|Any CPU.Build.0 = Debug|Any CPU
		{34381B0E-A17C-45FA-8513-1AE55F033C39}.Release|Any CPU.ActiveCfg = Release|Any CPU
		{34381B0E-A17C-45FA-8513-1AE55F033C39}.Release|Any CPU.Build.0 = Release|Any CPU
	EndGlobalSection
	GlobalSection(SolutionProperties) = preSolution
		HideSolutionNode = FALSE
	EndGlobalSection
EndGlobal
